
Microsoft Visual Studio Solution File, Format Version 12.00
# Visual Studio Version 16
VisualStudioVersion = 16.0.29509.3
MinimumVisualStudioVersion = 10.0.40219.1
Project("{FAE04EC0-301F-11D3-BF4B-00C04F79EFBC}") = "AndroidIssueTest", "AndroidIssueTest\AndroidIssueTest.csproj", "{FB688A03-93AE-46CF-94EF-4BEE14FC167B}"
EndProject
Global
	GlobalSection(SolutionConfigurationPlatforms) = preSolution
		Debug|Any CPU = Debug|Any CPU
		Release|Any CPU = Release|Any CPU
	EndGlobalSection
	GlobalSection(ProjectConfigurationPlatforms) = postSolution
		{FB688A03-93AE-46CF-94EF-4BEE14FC167B}.Debug|Any CPU.ActiveCfg = Debug|Any CPU
		{FB688A03-93AE-46CF-94EF-4BEE14FC167B}.Debug|Any CPU.Build.0 = Debug|Any CPU
		{FB688A03-93AE-46CF-94EF-4BEE14FC167B}.Release|Any CPU.ActiveCfg = Release|Any CPU
		{FB688A03-93AE-46CF-94EF-4BEE14FC167B}.Release|Any CPU.Build.0 = Release|Any CPU
	EndGlobalSection
	GlobalSection(SolutionProperties) = preSolution
		HideSolutionNode = FALSE
	EndGlobalSection
	GlobalSection(ExtensibilityGlobals) = postSolution
		SolutionGuid = {EB4FEF9A-4FA9-40BF-BE67-04F4232FC2B4}
	EndGlobalSection
EndGlobal
